// !$*UTF8*$!
{
	archiveVersion = 1;
	classes = {
	};
	objectVersion = 50;
	objects = {

/* Begin PBXBuildFile section */
		3DA172AC22EC23F100CC69BA /* AppDelegate.swift in Sources */ = {isa = PBXBuildFile; fileRef = 3DA172AB22EC23F100CC69BA /* AppDelegate.swift */; };
		3DA172AE22EC23F100CC69BA /* SceneDelegate.swift in Sources */ = {isa = PBXBuildFile; fileRef = 3DA172AD22EC23F100CC69BA /* SceneDelegate.swift */; };
		3DA172B022EC23F100CC69BA /* ViewController.swift in Sources */ = {isa = PBXBuildFile; fileRef = 3DA172AF22EC23F100CC69BA /* ViewController.swift */; };
		3DA172B322EC23F100CC69BA /* Main.storyboard in Resources */ = {isa = PBXBuildFile; fileRef = 3DA172B122EC23F100CC69BA /* Main.storyboard */; };
		3DA172B522EC23F200CC69BA /* Assets.xcassets in Resources */ = {isa = PBXBuildFile; fileRef = 3DA172B422EC23F200CC69BA /* Assets.xcassets */; };
		3DA172B822EC23F200CC69BA /* LaunchScreen.storyboard in Resources */ = {isa = PBXBuildFile; fileRef = 3DA172B622EC23F200CC69BA /* LaunchScreen.storyboard */; };
/* End PBXBuildFile section */

/* Begin PBXFileReference section */
		3DA172A822EC23F100CC69BA /* combine-b4-swiftindia-demo.app */ = {isa = PBXFileReference; explicitFileType = wrapper.application; includeInIndex = 0; path = "combine-b4-swiftindia-demo.app"; sourceTree = BUILT_PRODUCTS_DIR; };
		3DA172AB22EC23F100CC69BA /* AppDelegate.swift */ = {isa = PBXFileReference; lastKnownFileType = sourcecode.swift; path = AppDelegate.swift; sourceTree = "<group>"; };
		3DA172AD22EC23F100CC69BA /* SceneDelegate.swift */ = {isa = PBXFileReference; lastKnownFileType = sourcecode.swift; path = SceneDelegate.swift; sourceTree = "<group>"; };
		3DA172AF22EC23F100CC69BA /* ViewController.swift */ = {isa = PBXFileReference; lastKnownFileType = sourcecode.swift; path = ViewController.swift; sourceTree = "<group>"; };
		3DA172B222EC23F100CC69BA /* Base */ = {isa = PBXFileReference; lastKnownFileType = file.storyboard; name = Base; path = Base.lproj/Main.storyboard; sourceTree = "<group>"; };
		3DA172B422EC23F200CC69BA /* Assets.xcassets */ = {isa = PBXFileReference; lastKnownFileType = folder.assetcatalog; path = Assets.xcassets; sourceTree = "<group>"; };
		3DA172B722EC23F200CC69BA /* Base */ = {isa = PBXFileReference; lastKnownFileType = file.storyboard; name = Base; path = Base.lproj/LaunchScreen.storyboard; sourceTree = "<group>"; };
		3DA172B922EC23F200CC69BA /* Info.plist */ = {isa = PBXFileReference; lastKnownFileType = text.plist.xml; path = Info.plist; sourceTree = "<group>"; };
/* End PBXFileReference section */

/* Begin PBXFrameworksBuildPhase section */
		3DA172A522EC23F100CC69BA /* Frameworks */ = {
			isa = PBXFrameworksBuildPhase;
			buildActionMask = 2147483647;
			files = (
			);
			runOnlyForDeploymentPostprocessing = 0;
		};
/* End PBXFrameworksBuildPhase section */

/* Begin PBXGroup section */
		3DA1729F22EC23F100CC69BA = {
			isa = PBXGroup;
			children = (
				3DA172AA22EC23F100CC69BA /* combine-b4-swiftindia-demo */,
				3DA172A922EC23F100CC69BA /* Products */,
			);
			sourceTree = "<group>";
		};
		3DA172A922EC23F100CC69BA /* Products */ = {
			isa = PBXGroup;
			children = (
				3DA172A822EC23F100CC69BA /* combine-b4-swiftindia-demo.app */,
			);
			name = Products;
			sourceTree = "<group>";
		};
		3DA172AA22EC23F100CC69BA /* combine-b4-swiftindia-demo */ = {
			isa = PBXGroup;
			children = (
				3DA172AB22EC23F100CC69BA /* AppDelegate.swift */,
				3DA172AD22EC23F100CC69BA /* SceneDelegate.swift */,
				3DA172AF22EC23F100CC69BA /* ViewController.swift */,
				3DA172B122EC23F100CC69BA /* Main.storyboard */,
				3DA172B422EC23F200CC69BA /* Assets.xcassets */,
				3DA172B622EC23F200CC69BA /* LaunchScreen.storyboard */,
				3DA172B922EC23F200CC69BA /* Info.plist */,
			);
			path = "combine-b4-swiftindia-demo";
			sourceTree = "<group>";
		};
/* End PBXGroup section */

/* Begin PBXNativeTarget section */
		3DA172A722EC23F100CC69BA /* combine-b4-swiftindia-demo */ = {
			isa = PBXNativeTarget;
			buildConfigurationList = 3DA172BC22EC23F200CC69BA /* Build configuration list for PBXNativeTarget "combine-b4-swiftindia-demo" */;
			buildPhases = (
				3DA172A422EC23F100CC69BA /* Sources */,
				3DA172A522EC23F100CC69BA /* Frameworks */,
				3DA172A622EC23F100CC69BA /* Resources */,
			);
			buildRules = (
			);
			dependencies = (
			);
			name = "combine-b4-swiftindia-demo";
			productName = "combine-b4-swiftindia-demo";
			productReference = 3DA172A822EC23F100CC69BA /* combine-b4-swiftindia-demo.app */;
			productType = "com.apple.product-type.application";
		};
/* End PBXNativeTarget section */

/* Begin PBXProject section */
		3DA172A022EC23F100CC69BA /* Project object */ = {
			isa = PBXProject;
			attributes = {
				LastSwiftUpdateCheck = 1100;
				LastUpgradeCheck = 1100;
				ORGANIZATIONNAME = "Ritesh Gupta";
				TargetAttributes = {
					3DA172A722EC23F100CC69BA = {
						CreatedOnToolsVersion = 11.0;
					};
				};
			};
			buildConfigurationList = 3DA172A322EC23F100CC69BA /* Build configuration list for PBXProject "combine-b4-swiftindia-demo" */;
			compatibilityVersion = "Xcode 9.3";
			developmentRegion = en;
			hasScannedForEncodings = 0;
			knownRegions = (
				en,
				Base,
			);
			mainGroup = 3DA1729F22EC23F100CC69BA;
			productRefGroup = 3DA172A922EC23F100CC69BA /* Products */;
			projectDirPath = "";
			projectRoot = "";
			targets = (
				3DA172A722EC23F100CC69BA /* combine-b4-swiftindia-demo */,
			);
		};
/* End PBXProject section */

/* Begin PBXResourcesBuildPhase section */
		3DA172A622EC23F100CC69BA /* Resources */ = {
			isa = PBXResourcesBuildPhase;
			buildActionMask = 2147483647;
			files = (
				3DA172B822EC23F200CC69BA /* LaunchScreen.storyboard in Resources */,
				3DA172B522EC23F200CC69BA /* Assets.xcassets in Resources */,
				3DA172B322EC23F100CC69BA /* Main.storyboard in Resources */,
			);
			runOnlyForDeploymentPostprocessing = 0;
		};
/* End PBXResourcesBuildPhase section */

/* Begin PBXSourcesBuildPhase section */
		3DA172A422EC23F100CC69BA /* Sources */ = {
			isa = PBXSourcesBuildPhase;
			buildActionMask = 2147483647;
			files = (
				3DA172B022EC23F100CC69BA /* ViewController.swift in Sources */,
				3DA172AC22EC23F100CC69BA /* AppDelegate.swift in Sources */,
				3DA172AE22EC23F100CC69BA /* SceneDelegate.swift in Sources */,
			);
			runOnlyForDeploymentPostprocessing = 0;
		};
/* End PBXSourcesBuildPhase section */

/* Begin PBXVariantGroup section */
		3DA172B122EC23F100CC69BA /* Main.storyboard */ = {
			isa = PBXVariantGroup;
			children = (
				3DA172B222EC23F100CC69BA /* Base */,
			);
			name = Main.storyboard;
			sourceTree = "<group>";
		};
		3DA172B622EC23F200CC69BA /* LaunchScreen.storyboard */ = {
			isa = PBXVariantGroup;
			children = (
				3DA172B722EC23F200CC69BA /* Base */,
			);
			name = LaunchScreen.storyboard;
			sourceTree = "<group>";
		};
/* End PBXVariantGroup section */

/* Begin XCBuildConfiguration section */
		3DA172BA22EC23F200CC69BA /* Debug */ = {
			isa = XCBuildConfiguration;
			buildSettings = {
				ALWAYS_SEARCH_USER_PATHS = NO;
				CLANG_ANALYZER_NONNULL = YES;
				CLANG_ANALYZER_NUMBER_OBJECT_CONVERSION = YES_AGGRESSIVE;
				CLANG_CXX_LANGUAGE_STANDARD = "gnu++14";
				CLANG_CXX_LIBRARY = "libc++";
				CLANG_ENABLE_MODULES = YES;
				CLANG_ENABLE_OBJC_ARC = YES;
				CLANG_ENABLE_OBJC_WEAK = YES;
				CLANG_WARN_BLOCK_CAPTURE_AUTORELEASING = YES;
				CLANG_WARN_BOOL_CONVERSION = YES;
				CLANG_WARN_COMMA = YES;
				CLANG_WARN_CONSTANT_CONVERSION = YES;
				CLANG_WARN_DEPRECATED_OBJC_IMPLEMENTATIONS = YES;
				CLANG_WARN_DIRECT_OBJC_ISA_USAGE = YES_ERROR;
				CLANG_WARN_DOCUMENTATION_COMMENTS = YES;
				CLANG_WARN_EMPTY_BODY = YES;
				CLANG_WARN_ENUM_CONVERSION = YES;
				CLANG_WARN_INFINITE_RECURSION = YES;
				CLANG_WARN_INT_CONVERSION = YES;
				CLANG_WARN_NON_LITERAL_NULL_CONVERSION = YES;
				CLANG_WARN_OBJC_IMPLICIT_RETAIN_SELF = YES;
				CLANG_WARN_OBJC_LITERAL_CONVERSION = YES;
				CLANG_WARN_OBJC_ROOT_CLASS = YES_ERROR;
				CLANG_WARN_RANGE_LOOP_ANALYSIS = YES;
				CLANG_WARN_STRICT_PROTOTYPES = YES;
				CLANG_WARN_SUSPICIOUS_MOVE = YES;
				CLANG_WARN_UNGUARDED_AVAILABILITY = YES_AGGRESSIVE;
				CLANG_WARN_UNREACHABLE_CODE = YES;
				CLANG_WARN__DUPLICATE_METHOD_MATCH = YES;
				COPY_PHASE_STRIP = NO;
				DEBUG_INFORMATION_FORMAT = dwarf;
				ENABLE_STRICT_OBJC_MSGSEND = YES;
				ENABLE_TESTABILITY = YES;
				GCC_C_LANGUAGE_STANDARD = gnu11;
				GCC_DYNAMIC_NO_PIC = NO;
				GCC_NO_COMMON_BLOCKS = YES;
				GCC_OPTIMIZATION_LEVEL = 0;
				GCC_PREPROCESSOR_DEFINITIONS = (
					"DEBUG=1",
					"$(inherited)",
				);
				GCC_WARN_64_TO_32_BIT_CONVERSION = YES;
				GCC_WARN_ABOUT_RETURN_TYPE = YES_ERROR;
				GCC_WARN_UNDECLARED_SELECTOR = YES;
				GCC_WARN_UNINITIALIZED_AUTOS = YES_AGGRESSIVE;
				GCC_WARN_UNUSED_FUNCTION = YES;
				GCC_WARN_UNUSED_VARIABLE = YES;
				IPHONEOS_DEPLOYMENT_TARGET = 13.0;
				MTL_ENABLE_DEBUG_INFO = INCLUDE_SOURCE;
				MTL_FAST_MATH = YES;
				ONLY_ACTIVE_ARCH = YES;
				SDKROOT = iphoneos;
				SWIFT_ACTIVE_COMPILATION_CONDITIONS = DEBUG;
				SWIFT_OPTIMIZATION_LEVEL = "-Onone";
			};
			name = Debug;
		};
		3DA172BB22EC23F200CC69BA /* Release */ = {
			isa = XCBuildConfiguration;
			buildSettings = {
				ALWAYS_SEARCH_USER_PATHS = NO;
				CLANG_ANALYZER_NONNULL = YES;
				CLANG_ANALYZER_NUMBER_OBJECT_CONVERSION = YES_AGGRESSIVE;
				CLANG_CXX_LANGUAGE_STANDARD = "gnu++14";
				CLANG_CXX_LIBRARY = "libc++";
				CLANG_ENABLE_MODULES = YES;
				CLANG_ENABLE_OBJC_ARC = YES;
				CLANG_ENABLE_OBJC_WEAK = YES;
				CLANG_WARN_BLOCK_CAPTURE_AUTORELEASING = YES;
				CLANG_WARN_BOOL_CONVERSION = YES;
				CLANG_WARN_COMMA = YES;
				CLANG_WARN_CONSTANT_CONVERSION = YES;
				CLANG_WARN_DEPRECATED_OBJC_IMPLEMENTATIONS = YES;
				CLANG_WARN_DIRECT_OBJC_ISA_USAGE = YES_ERROR;
				CLANG_WARN_DOCUMENTATION_COMMENTS = YES;
				CLANG_WARN_EMPTY_BODY = YES;
				CLANG_WARN_ENUM_CONVERSION = YES;
				CLANG_WARN_INFINITE_RECURSION = YES;
				CLANG_WARN_INT_CONVERSION = YES;
				CLANG_WARN_NON_LITERAL_NULL_CONVERSION = YES;
				CLANG_WARN_OBJC_IMPLICIT_RETAIN_SELF = YES;
				CLANG_WARN_OBJC_LITERAL_CONVERSION = YES;
				CLANG_WARN_OBJC_ROOT_CLASS = YES_ERROR;
				CLANG_WARN_RANGE_LOOP_ANALYSIS = YES;
				CLANG_WARN_STRICT_PROTOTYPES = YES;
				CLANG_WARN_SUSPICIOUS_MOVE = YES;
				CLANG_WARN_UNGUARDED_AVAILABILITY = YES_AGGRESSIVE;
				CLANG_WARN_UNREACHABLE_CODE = YES;
				CLANG_WARN__DUPLICATE_METHOD_MATCH = YES;
				COPY_PHASE_STRIP = NO;
				DEBUG_INFORMATION_FORMAT = "dwarf-with-dsym";
				ENABLE_NS_ASSERTIONS = NO;
				ENABLE_STRICT_OBJC_MSGSEND = YES;
				GCC_C_LANGUAGE_STANDARD = gnu11;
				GCC_NO_COMMON_BLOCKS = YES;
				GCC_WARN_64_TO_32_BIT_CONVERSION = YES;
				GCC_WARN_ABOUT_RETURN_TYPE = YES_ERROR;
				GCC_WARN_UNDECLARED_SELECTOR = YES;
				GCC_WARN_UNINITIALIZED_AUTOS = YES_AGGRESSIVE;
				GCC_WARN_UNUSED_FUNCTION = YES;
				GCC_WARN_UNUSED_VARIABLE = YES;
				IPHONEOS_DEPLOYMENT_TARGET = 13.0;
				MTL_ENABLE_DEBUG_INFO = NO;
				MTL_FAST_MATH = YES;
				SDKROOT = iphoneos;
				SWIFT_COMPILATION_MODE = wholemodule;
				SWIFT_OPTIMIZATION_LEVEL = "-O";
				VALIDATE_PRODUCT = YES;
			};
			name = Release;
		};
		3DA172BD22EC23F200CC69BA /* Debug */ = {
			isa = XCBuildConfiguration;
			buildSettings = {
				ASSETCATALOG_COMPILER_APPICON_NAME = AppIcon;
				CODE_SIGN_STYLE = Automatic;
				DEVELOPMENT_TEAM = G436LJ5F52;
				INFOPLIST_FILE = "combine-b4-swiftindia-demo/Info.plist";
				LD_RUNPATH_SEARCH_PATHS = (
					"$(inherited)",
					"@executable_path/Frameworks",
				);
				PRODUCT_BUNDLE_IDENTIFIER = "com.ritesh.combine-b4-swiftindia-demo";
				PRODUCT_NAME = "$(TARGET_NAME)";
				SWIFT_VERSION = 5.0;
				TARGETED_DEVICE_FAMILY = "1,2";
			};
			name = Debug;
		};
		3DA172BE22EC23F200CC69BA /* Release */ = {
			isa = XCBuildConfiguration;
			buildSettings = {
				ASSETCATALOG_COMPILER_APPICON_NAME = AppIcon;
				CODE_SIGN_STYLE = Automatic;
				DEVELOPMENT_TEAM = G436LJ5F52;
				INFOPLIST_FILE = "combine-b4-swiftindia-demo/Info.plist";
				LD_RUNPATH_SEARCH_PATHS = (
					"$(inherited)",
					"@executable_path/Frameworks",
				);
				PRODUCT_BUNDLE_IDENTIFIER = "com.ritesh.combine-b4-swiftindia-demo";
				PRODUCT_NAME = "$(TARGET_NAME)";
				SWIFT_VERSION = 5.0;
				TARGETED_DEVICE_FAMILY = "1,2";
			};
			name = Release;
		};
/* End XCBuildConfiguration section */

/* Begin XCConfigurationList section */
		3DA172A322EC23F100CC69BA /* Build configuration list for PBXProject "combine-b4-swiftindia-demo" */ = {
			isa = XCConfigurationList;
			buildConfigurations = (
				3DA172BA22EC23F200CC69BA /* Debug */,
				3DA172BB22EC23F200CC69BA /* Release */,
			);
			defaultConfigurationIsVisible = 0;
			defaultConfigurationName = Release;
		};
		3DA172BC22EC23F200CC69BA /* Build configuration list for PBXNativeTarget "combine-b4-swiftindia-demo" */ = {
			isa = XCConfigurationList;
			buildConfigurations = (
				3DA172BD22EC23F200CC69BA /* Debug */,
				3DA172BE22EC23F200CC69BA /* Release */,
			);
			defaultConfigurationIsVisible = 0;
			defaultConfigurationName = Release;
		};
/* End XCConfigurationList section */
	};
	rootObject = 3DA172A022EC23F100CC69BA /* Project object */;
}
